
Microsoft Visual Studio Solution File, Format Version 12.00
# Visual Studio Version 16
VisualStudioVersion = 16.0.30804.86
MinimumVisualStudioVersion = 10.0.40219.1
Project("{FAE04EC0-301F-11D3-BF4B-00C04F79EFBC}") = "ip_ve_pc_ad_ogrenme", "ip_ve_pc_ad_ogrenme\ip_ve_pc_ad_ogrenme.csproj", "{E7594AC9-9CA9-4E23-A21C-42A091C0BE54}"
EndProject
Global
	GlobalSection(SolutionConfigurationPlatforms) = preSolution
		Debug|Any CPU = Debug|Any CPU
		Release|Any CPU = Release|Any CPU
	EndGlobalSection
	GlobalSection(ProjectConfigurationPlatforms) = postSolution
		{E7594AC9-9CA9-4E23-A21C-42A091C0BE54}.Debug|Any CPU.ActiveCfg = Debug|Any CPU
		{E7594AC9-9CA9-4E23-A21C-42A091C0BE54}.Debug|Any CPU.Build.0 = Debug|Any CPU
		{E7594AC9-9CA9-4E23-A21C-42A091C0BE54}.Release|Any CPU.ActiveCfg = Release|Any CPU
		{E7594AC9-9CA9-4E23-A21C-42A091C0BE54}.Release|Any CPU.Build.0 = Release|Any CPU
	EndGlobalSection
	GlobalSection(SolutionProperties) = preSolution
		HideSolutionNode = FALSE
	EndGlobalSection
	GlobalSection(ExtensibilityGlobals) = postSolution
		SolutionGuid = {C83EF8EC-8AE3-466B-8E61-B2930E24E284}
	EndGlobalSection
EndGlobal
